
Microsoft Visual Studio Solution File, Format Version 12.00
# Visual Studio Version 17
VisualStudioVersion = 17.9.34728.123
MinimumVisualStudioVersion = 10.0.40219.1
Project("{FAE04EC0-301F-11D3-BF4B-00C04F79EFBC}") = "TestPilotApp", "TestPilotApp\TestPilotApp.csproj", "{41BA5F7A-0A1C-433B-A97C-9DE8BF0BAB96}"
EndProject
Global
	GlobalSection(SolutionConfigurationPlatforms) = preSolution
		Debug|Any CPU = Debug|Any CPU
		Release|Any CPU = Release|Any CPU
	EndGlobalSection
	GlobalSection(ProjectConfigurationPlatforms) = postSolution
		{41BA5F7A-0A1C-433B-A97C-9DE8BF0BAB96}.Debug|Any CPU.ActiveCfg = Debug|Any CPU
		{41BA5F7A-0A1C-433B-A97C-9DE8BF0BAB96}.Debug|Any CPU.Build.0 = Debug|Any CPU
		{41BA5F7A-0A1C-433B-A97C-9DE8BF0BAB96}.Release|Any CPU.ActiveCfg = Release|Any CPU
		{41BA5F7A-0A1C-433B-A97C-9DE8BF0BAB96}.Release|Any CPU.Build.0 = Release|Any CPU
	EndGlobalSection
	GlobalSection(SolutionProperties) = preSolution
		HideSolutionNode = FALSE
	EndGlobalSection
	GlobalSection(ExtensibilityGlobals) = postSolution
		SolutionGuid = {2C373B11-506A-4B95-9C92-04CE2BEABCCC}
	EndGlobalSection
EndGlobal
